
Microsoft Visual Studio Solution File, Format Version 12.00
# Visual Studio 15
VisualStudioVersion = 15.0.27428.2043
MinimumVisualStudioVersion = 10.0.40219.1
Project("{9A19103F-16F7-4668-BE54-9A1E7A4F7556}") = "Light.Core.DependencyInjection", "Light.Core.DependencyInjection\Light.Core.DependencyInjection.csproj", "{08445C21-48D4-4718-A985-5785AF797832}"
EndProject
Project("{FAE04EC0-301F-11D3-BF4B-00C04F79EFBC}") = "TESTWebApi", "TESTWebApi\TESTWebApi.csproj", "{DBE2966A-8B4E-465D-A4A6-B089986DBE23}"
EndProject
Project("{FAE04EC0-301F-11D3-BF4B-00C04F79EFBC}") = "TESTWebApi.facade", "TESTWebApi.facade\TESTWebApi.facade.csproj", "{5FABC909-860D-4127-B197-1AC71FD3819D}"
EndProject
Global
	GlobalSection(SolutionConfigurationPlatforms) = preSolution
		Debug|Any CPU = Debug|Any CPU
		Release|Any CPU = Release|Any CPU
	EndGlobalSection
	GlobalSection(ProjectConfigurationPlatforms) = postSolution
		{08445C21-48D4-4718-A985-5785AF797832}.Debug|Any CPU.ActiveCfg = Debug|Any CPU
		{08445C21-48D4-4718-A985-5785AF797832}.Debug|Any CPU.Build.0 = Debug|Any CPU
		{08445C21-48D4-4718-A985-5785AF797832}.Release|Any CPU.ActiveCfg = Release|Any CPU
		{08445C21-48D4-4718-A985-5785AF797832}.Release|Any CPU.Build.0 = Release|Any CPU
		{DBE2966A-8B4E-465D-A4A6-B089986DBE23}.Debug|Any CPU.ActiveCfg = Debug|Any CPU
		{DBE2966A-8B4E-465D-A4A6-B089986DBE23}.Debug|Any CPU.Build.0 = Debug|Any CPU
		{DBE2966A-8B4E-465D-A4A6-B089986DBE23}.Release|Any CPU.ActiveCfg = Release|Any CPU
		{DBE2966A-8B4E-465D-A4A6-B089986DBE23}.Release|Any CPU.Build.0 = Release|Any CPU
		{5FABC909-860D-4127-B197-1AC71FD3819D}.Debug|Any CPU.ActiveCfg = Debug|Any CPU
		{5FABC909-860D-4127-B197-1AC71FD3819D}.Debug|Any CPU.Build.0 = Debug|Any CPU
		{5FABC909-860D-4127-B197-1AC71FD3819D}.Release|Any CPU.ActiveCfg = Release|Any CPU
		{5FABC909-860D-4127-B197-1AC71FD3819D}.Release|Any CPU.Build.0 = Release|Any CPU
	EndGlobalSection
	GlobalSection(SolutionProperties) = preSolution
		HideSolutionNode = FALSE
	EndGlobalSection
	GlobalSection(ExtensibilityGlobals) = postSolution
		SolutionGuid = {907A8540-F10D-4336-AA31-9D21E060522C}
	EndGlobalSection
EndGlobal
